
Microsoft Visual Studio Solution File, Format Version 12.00
# Visual Studio Version 17
VisualStudioVersion = 17.11.35303.130
MinimumVisualStudioVersion = 10.0.40219.1
Project("{2150E333-8FDC-42A3-9474-1A3956D46DE8}") = "Task0", "Task0", "{1F9447B2-FAEB-4709-910D-7B36B410A6E8}"
EndProject
Project("{FAE04EC0-301F-11D3-BF4B-00C04F79EFBC}") = "Tyuiu.ShakirovaGM.Sprint0.Task0.V0", "Tyuiu.ShakirovaGM.Sprint0.Task0.V0\Tyuiu.ShakirovaGM.Sprint0.Task0.V0.csproj", "{719056BE-412C-44DC-AC15-2A4E41BAC826}"
EndProject
Project("{2150E333-8FDC-42A3-9474-1A3956D46DE8}") = "Task1", "Task1", "{5A6802AF-6DE7-4A58-B731-B010837D99A9}"
EndProject
Project("{FAE04EC0-301F-11D3-BF4B-00C04F79EFBC}") = "Tyuiu.ShakirovaGM.Sprint0.Task1.V0", "Tyuiu.ShakirovaGM.Sprint0.Task1.V0\Tyuiu.ShakirovaGM.Sprint0.Task1.V0.csproj", "{66CAA5C1-CABC-4217-8172-B72A8434D733}"
EndProject
Project("{2150E333-8FDC-42A3-9474-1A3956D46DE8}") = "Task2", "Task2", "{5A170DAE-3FB3-4271-A4B8-89BD964383AC}"
EndProject
Project("{FAE04EC0-301F-11D3-BF4B-00C04F79EFBC}") = "Tyuiu.ShakirovaGM.Sprint0.Task2.V0", "Tyuiu.ShakirovaGM.Sprint0.Task2.V0\Tyuiu.ShakirovaGM.Sprint0.Task2.V0.csproj", "{D2DFDD89-2EFA-4181-B207-CEF70D88A5F6}"
EndProject
Project("{FAE04EC0-301F-11D3-BF4B-00C04F79EFBC}") = "Tyuiu.ShakirovaGM.Sprint0.Task2.V0.Lib", "Tyuiu.ShakirovaGM.Sprint0.Task2.V0.Lib\Tyuiu.ShakirovaGM.Sprint0.Task2.V0.Lib.csproj", "{6CF6E54E-0A42-4CF5-AF7F-B952BE7B51A9}"
EndProject
Project("{FAE04EC0-301F-11D3-BF4B-00C04F79EFBC}") = "Tyuiu.ShakirovaGM.Sprint0.Task2.V0.Test", "Tyuiu.ShakirovaGM.Sprint0.Task2.V0.Test\Tyuiu.ShakirovaGM.Sprint0.Task2.V0.Test.csproj", "{CFFC23B9-E73F-454B-B352-4CD5D2BF11AA}"
EndProject
Project("{2150E333-8FDC-42A3-9474-1A3956D46DE8}") = "Task3", "Task3", "{67955656-EB00-4812-8D23-AED3C7B27025}"
EndProject
Project("{FAE04EC0-301F-11D3-BF4B-00C04F79EFBC}") = "Tyuiu.ShakirovaGM.Sprint0.Task3.V0", "Tyuiu.ShakirovaGM.Sprint0.Task3.V0\Tyuiu.ShakirovaGM.Sprint0.Task3.V0.csproj", "{A8228FE7-F60C-451C-B8C0-7FABC4E1FE21}"
EndProject
Project("{FAE04EC0-301F-11D3-BF4B-00C04F79EFBC}") = "Tyuiu.ShakirovaGM.Sprint0.Task3.V0.Lib", "Tyuiu.ShakirovaGM.Sprint0.Task3.V0.Lib\Tyuiu.ShakirovaGM.Sprint0.Task3.V0.Lib.csproj", "{5FB3B9E9-3A20-45A6-BF23-987AD1AD9546}"
EndProject
Project("{FAE04EC0-301F-11D3-BF4B-00C04F79EFBC}") = "Tyuiu.ShakirovaGM.Sprint0.Task3.V0.Test", "Tyuiu.ShakirovaGM.Sprint0.Task3.V0.Test\Tyuiu.ShakirovaGM.Sprint0.Task3.V0.Test.csproj", "{02DC612D-9EB9-463D-9FA6-19E5F00CF293}"
EndProject
Project("{2150E333-8FDC-42A3-9474-1A3956D46DE8}") = "Task4", "Task4", "{D238E5D2-430B-46BD-BFA3-FA4CF38D111F}"
EndProject
Project("{FAE04EC0-301F-11D3-BF4B-00C04F79EFBC}") = "Tyuiu.ShakirovaGM.Sprint0.Task4.V0", "Tyuiu.ShakirovaGM.Sprint0.Task4.V0\Tyuiu.ShakirovaGM.Sprint0.Task4.V0.csproj", "{25E16FD1-64C2-4CFE-BE2A-FF33806C24C4}"
EndProject
Project("{FAE04EC0-301F-11D3-BF4B-00C04F79EFBC}") = "Tyuiu.ShakirovaGM.Sprint0.Task4.V0.Lib", "Tyuiu.ShakirovaGM.Sprint0.Task4.V0.Lib\Tyuiu.ShakirovaGM.Sprint0.Task4.V0.Lib.csproj", "{B3564BB2-455A-477F-86B1-99373632B97D}"
EndProject
Project("{FAE04EC0-301F-11D3-BF4B-00C04F79EFBC}") = "Tyuiu.ShakirovaGM.Sprint0.Task4.V0.Test", "Tyuiu.ShakirovaGM.Sprint0.Task4.V0.Test\Tyuiu.ShakirovaGM.Sprint0.Task4.V0.Test.csproj", "{6E8CA608-1C73-4C1A-A456-C24F94E40F7D}"
EndProject
Project("{2150E333-8FDC-42A3-9474-1A3956D46DE8}") = "Task5", "Task5", "{46C8E250-CB09-4742-8DE7-DCF372D6ACDC}"
EndProject
Project("{FAE04EC0-301F-11D3-BF4B-00C04F79EFBC}") = "Tyuiu.ShakirovaGM.Sprint0.Task5.V0", "Tyuiu.ShakirovaGM.Sprint0.Task5.V0\Tyuiu.ShakirovaGM.Sprint0.Task5.V0.csproj", "{B3AF4A8A-A6DB-43D2-B8C4-255D3BFD6659}"
EndProject
Project("{FAE04EC0-301F-11D3-BF4B-00C04F79EFBC}") = "Tyuiu.ShakirovaGM.Sprint0.Task5.V0.Lib", "Tyuiu.ShakirovaGM.Sprint0.Task5.V0.Lib\Tyuiu.ShakirovaGM.Sprint0.Task5.V0.Lib.csproj", "{CAB93C9F-8332-4F17-AC29-CF12B2C3B90D}"
EndProject
Project("{FAE04EC0-301F-11D3-BF4B-00C04F79EFBC}") = "Tyuiu.ShakirovaGM.Sprint0.Task5.V0.Test", "Tyuiu.ShakirovaGM.Sprint0.Task5.V0.Test\Tyuiu.ShakirovaGM.Sprint0.Task5.V0.Test.csproj", "{74417BCB-309F-4402-A49F-C399B64910E6}"
EndProject
Project("{2150E333-8FDC-42A3-9474-1A3956D46DE8}") = "Task6", "Task6", "{F3F3283F-A359-41A9-9727-2F59668D01A2}"
EndProject
Project("{FAE04EC0-301F-11D3-BF4B-00C04F79EFBC}") = "Tyuiu.ShakirovaGM.Sprint0.Task6.V0", "Tyuiu.ShakirovaGM.Sprint0.Task6.V0\Tyuiu.ShakirovaGM.Sprint0.Task6.V0.csproj", "{6A0CE505-9FD6-45FF-859D-7BC92404C676}"
EndProject
Project("{FAE04EC0-301F-11D3-BF4B-00C04F79EFBC}") = "Tyuiu.ShakirovaGM.Sprint0.Task6.V0.Lib", "Tyuiu.ShakirovaGM.Sprint0.Task6.V0.Lib\Tyuiu.ShakirovaGM.Sprint0.Task6.V0.Lib.csproj", "{68A4E411-BDE9-4C45-B627-3A92F197D0DF}"
EndProject
Project("{FAE04EC0-301F-11D3-BF4B-00C04F79EFBC}") = "Tyuiu.ShakirovaGM.Sprint0.Task6.V0.Test", "Tyuiu.ShakirovaGM.Sprint0.Task6.V0.Test\Tyuiu.ShakirovaGM.Sprint0.Task6.V0.Test.csproj", "{31167CE8-78EF-47C8-BE2C-EAAA69978FE0}"
EndProject
Project("{2150E333-8FDC-42A3-9474-1A3956D46DE8}") = "Task7", "Task7", "{24BAFEEB-082B-4168-9324-DC567639CD27}"
EndProject
Project("{FAE04EC0-301F-11D3-BF4B-00C04F79EFBC}") = "Tyuiu.ShakirovaGM.Sprint0.Task7.V0.Test", "Tyuiu.ShakirovaGM.Sprint0.Task7.V0.Test\Tyuiu.ShakirovaGM.Sprint0.Task7.V0.Test.csproj", "{05CC96E2-B882-4D76-8726-959109B638E8}"
EndProject
Project("{FAE04EC0-301F-11D3-BF4B-00C04F79EFBC}") = "Tyuiu.ShakirovaGM.Sprint0.Task7.V0.Lib", "Tyuiu.ShakirovaGM.Sprint0.Task7.V0.Lib\Tyuiu.ShakirovaGM.Sprint0.Task7.V0.Lib.csproj", "{5DFEA06E-23C8-4C78-8D32-2C52098BE255}"
EndProject
Project("{FAE04EC0-301F-11D3-BF4B-00C04F79EFBC}") = "Tyuiu.ShakirovaGM.Sprint0.Task7.V0", "Tyuiu.ShakirovaGM.Sprint0.Task7.V0\Tyuiu.ShakirovaGM.Sprint0.Task7.V0.csproj", "{D65CB1DC-6A3A-4CB7-8486-D6AFBCB07578}"
EndProject
Global
	GlobalSection(SolutionConfigurationPlatforms) = preSolution
		Debug|Any CPU = Debug|Any CPU
		Release|Any CPU = Release|Any CPU
	EndGlobalSection
	GlobalSection(ProjectConfigurationPlatforms) = postSolution
		{719056BE-412C-44DC-AC15-2A4E41BAC826}.Debug|Any CPU.ActiveCfg = Debug|Any CPU
		{719056BE-412C-44DC-AC15-2A4E41BAC826}.Debug|Any CPU.Build.0 = Debug|Any CPU
		{719056BE-412C-44DC-AC15-2A4E41BAC826}.Release|Any CPU.ActiveCfg = Release|Any CPU
		{719056BE-412C-44DC-AC15-2A4E41BAC826}.Release|Any CPU.Build.0 = Release|Any CPU
		{66CAA5C1-CABC-4217-8172-B72A8434D733}.Debug|Any CPU.ActiveCfg = Debug|Any CPU
		{66CAA5C1-CABC-4217-8172-B72A8434D733}.Debug|Any CPU.Build.0 = Debug|Any CPU
		{66CAA5C1-CABC-4217-8172-B72A8434D733}.Release|Any CPU.ActiveCfg = Release|Any CPU
		{66CAA5C1-CABC-4217-8172-B72A8434D733}.Release|Any CPU.Build.0 = Release|Any CPU
		{D2DFDD89-2EFA-4181-B207-CEF70D88A5F6}.Debug|Any CPU.ActiveCfg = Debug|Any CPU
		{D2DFDD89-2EFA-4181-B207-CEF70D88A5F6}.Debug|Any CPU.Build.0 = Debug|Any CPU
		{D2DFDD89-2EFA-4181-B207-CEF70D88A5F6}.Release|Any CPU.ActiveCfg = Release|Any CPU
		{D2DFDD89-2EFA-4181-B207-CEF70D88A5F6}.Release|Any CPU.Build.0 = Release|Any CPU
		{6CF6E54E-0A42-4CF5-AF7F-B952BE7B51A9}.Debug|Any CPU.ActiveCfg = Debug|Any CPU
		{6CF6E54E-0A42-4CF5-AF7F-B952BE7B51A9}.Debug|Any CPU.Build.0 = Debug|Any CPU
		{6CF6E54E-0A42-4CF5-AF7F-B952BE7B51A9}.Release|Any CPU.ActiveCfg = Release|Any CPU
		{6CF6E54E-0A42-4CF5-AF7F-B952BE7B51A9}.Release|Any CPU.Build.0 = Release|Any CPU
		{CFFC23B9-E73F-454B-B352-4CD5D2BF11AA}.Debug|Any CPU.ActiveCfg = Debug|Any CPU
		{CFFC23B9-E73F-454B-B352-4CD5D2BF11AA}.Debug|Any CPU.Build.0 = Debug|Any CPU
		{CFFC23B9-E73F-454B-B352-4CD5D2BF11AA}.Release|Any CPU.ActiveCfg = Release|Any CPU
		{CFFC23B9-E73F-454B-B352-4CD5D2BF11AA}.Release|Any CPU.Build.0 = Release|Any CPU
		{A8228FE7-F60C-451C-B8C0-7FABC4E1FE21}.Debug|Any CPU.ActiveCfg = Debug|Any CPU
		{A8228FE7-F60C-451C-B8C0-7FABC4E1FE21}.Debug|Any CPU.Build.0 = Debug|Any CPU
		{A8228FE7-F60C-451C-B8C0-7FABC4E1FE21}.Release|Any CPU.ActiveCfg = Release|Any CPU
		{A8228FE7-F60C-451C-B8C0-7FABC4E1FE21}.Release|Any CPU.Build.0 = Release|Any CPU
		{5FB3B9E9-3A20-45A6-BF23-987AD1AD9546}.Debug|Any CPU.ActiveCfg = Debug|Any CPU
		{5FB3B9E9-3A20-45A6-BF23-987AD1AD9546}.Debug|Any CPU.Build.0 = Debug|Any CPU
		{5FB3B9E9-3A20-45A6-BF23-987AD1AD9546}.Release|Any CPU.ActiveCfg = Release|Any CPU
		{5FB3B9E9-3A20-45A6-BF23-987AD1AD9546}.Release|Any CPU.Build.0 = Release|Any CPU
		{02DC612D-9EB9-463D-9FA6-19E5F00CF293}.Debug|Any CPU.ActiveCfg = Debug|Any CPU
		{02DC612D-9EB9-463D-9FA6-19E5F00CF293}.Debug|Any CPU.Build.0 = Debug|Any CPU
		{02DC612D-9EB9-463D-9FA6-19E5F00CF293}.Release|Any CPU.ActiveCfg = Release|Any CPU
		{02DC612D-9EB9-463D-9FA6-19E5F00CF293}.Release|Any CPU.Build.0 = Release|Any CPU
		{25E16FD1-64C2-4CFE-BE2A-FF33806C24C4}.Debug|Any CPU.ActiveCfg = Debug|Any CPU
		{25E16FD1-64C2-4CFE-BE2A-FF33806C24C4}.Debug|Any CPU.Build.0 = Debug|Any CPU
		{25E16FD1-64C2-4CFE-BE2A-FF33806C24C4}.Release|Any CPU.ActiveCfg = Release|Any CPU
		{25E16FD1-64C2-4CFE-BE2A-FF33806C24C4}.Release|Any CPU.Build.0 = Release|Any CPU
		{B3564BB2-455A-477F-86B1-99373632B97D}.Debug|Any CPU.ActiveCfg = Debug|Any CPU
		{B3564BB2-455A-477F-86B1-99373632B97D}.Debug|Any CPU.Build.0 = Debug|Any CPU
		{B3564BB2-455A-477F-86B1-99373632B97D}.Release|Any CPU.ActiveCfg = Release|Any CPU
		{B3564BB2-455A-477F-86B1-99373632B97D}.Release|Any CPU.Build.0 = Release|Any CPU
		{6E8CA608-1C73-4C1A-A456-C24F94E40F7D}.Debug|Any CPU.ActiveCfg = Debug|Any CPU
		{6E8CA608-1C73-4C1A-A456-C24F94E40F7D}.Debug|Any CPU.Build.0 = Debug|Any CPU
		{6E8CA608-1C73-4C1A-A456-C24F94E40F7D}.Release|Any CPU.ActiveCfg = Release|Any CPU
		{6E8CA608-1C73-4C1A-A456-C24F94E40F7D}.Release|Any CPU.Build.0 = Release|Any CPU
		{B3AF4A8A-A6DB-43D2-B8C4-255D3BFD6659}.Debug|Any CPU.ActiveCfg = Debug|Any CPU
		{B3AF4A8A-A6DB-43D2-B8C4-255D3BFD6659}.Debug|Any CPU.Build.0 = Debug|Any CPU
		{B3AF4A8A-A6DB-43D2-B8C4-255D3BFD6659}.Release|Any CPU.ActiveCfg = Release|Any CPU
		{B3AF4A8A-A6DB-43D2-B8C4-255D3BFD6659}.Release|Any CPU.Build.0 = Release|Any CPU
		{CAB93C9F-8332-4F17-AC29-CF12B2C3B90D}.Debug|Any CPU.ActiveCfg = Debug|Any CPU
		{CAB93C9F-8332-4F17-AC29-CF12B2C3B90D}.Debug|Any CPU.Build.0 = Debug|Any CPU
		{CAB93C9F-8332-4F17-AC29-CF12B2C3B90D}.Release|Any CPU.ActiveCfg = Release|Any CPU
		{CAB93C9F-8332-4F17-AC29-CF12B2C3B90D}.Release|Any CPU.Build.0 = Release|Any CPU
		{74417BCB-309F-4402-A49F-C399B64910E6}.Debug|Any CPU.ActiveCfg = Debug|Any CPU
		{74417BCB-309F-4402-A49F-C399B64910E6}.Debug|Any CPU.Build.0 = Debug|Any CPU
		{74417BCB-309F-4402-A49F-C399B64910E6}.Release|Any CPU.ActiveCfg = Release|Any CPU
		{74417BCB-309F-4402-A49F-C399B64910E6}.Release|Any CPU.Build.0 = Release|Any CPU
		{6A0CE505-9FD6-45FF-859D-7BC92404C676}.Debug|Any CPU.ActiveCfg = Debug|Any CPU
		{6A0CE505-9FD6-45FF-859D-7BC92404C676}.Debug|Any CPU.Build.0 = Debug|Any CPU
		{6A0CE505-9FD6-45FF-859D-7BC92404C676}.Release|Any CPU.ActiveCfg = Release|Any CPU
		{6A0CE505-9FD6-45FF-859D-7BC92404C676}.Release|Any CPU.Build.0 = Release|Any CPU
		{68A4E411-BDE9-4C45-B627-3A92F197D0DF}.Debug|Any CPU.ActiveCfg = Debug|Any CPU
		{68A4E411-BDE9-4C45-B627-3A92F197D0DF}.Debug|Any CPU.Build.0 = Debug|Any CPU
		{68A4E411-BDE9-4C45-B627-3A92F197D0DF}.Release|Any CPU.ActiveCfg = Release|Any CPU
		{68A4E411-BDE9-4C45-B627-3A92F197D0DF}.Release|Any CPU.Build.0 = Release|Any CPU
		{31167CE8-78EF-47C8-BE2C-EAAA69978FE0}.Debug|Any CPU.ActiveCfg = Debug|Any CPU
		{31167CE8-78EF-47C8-BE2C-EAAA69978FE0}.Debug|Any CPU.Build.0 = Debug|Any CPU
		{31167CE8-78EF-47C8-BE2C-EAAA69978FE0}.Release|Any CPU.ActiveCfg = Release|Any CPU
		{31167CE8-78EF-47C8-BE2C-EAAA69978FE0}.Release|Any CPU.Build.0 = Release|Any CPU
		{05CC96E2-B882-4D76-8726-959109B638E8}.Debug|Any CPU.ActiveCfg = Debug|Any CPU
		{05CC96E2-B882-4D76-8726-959109B638E8}.Debug|Any CPU.Build.0 = Debug|Any CPU
		{05CC96E2-B882-4D76-8726-959109B638E8}.Release|Any CPU.ActiveCfg = Release|Any CPU
		{05CC96E2-B882-4D76-8726-959109B638E8}.Release|Any CPU.Build.0 = Release|Any CPU
		{5DFEA06E-23C8-4C78-8D32-2C52098BE255}.Debug|Any CPU.ActiveCfg = Debug|Any CPU
		{5DFEA06E-23C8-4C78-8D32-2C52098BE255}.Debug|Any CPU.Build.0 = Debug|Any CPU
		{5DFEA06E-23C8-4C78-8D32-2C52098BE255}.Release|Any CPU.ActiveCfg = Release|Any CPU
		{5DFEA06E-23C8-4C78-8D32-2C52098BE255}.Release|Any CPU.Build.0 = Release|Any CPU
		{D65CB1DC-6A3A-4CB7-8486-D6AFBCB07578}.Debug|Any CPU.ActiveCfg = Debug|Any CPU
		{D65CB1DC-6A3A-4CB7-8486-D6AFBCB07578}.Debug|Any CPU.Build.0 = Debug|Any CPU
		{D65CB1DC-6A3A-4CB7-8486-D6AFBCB07578}.Release|Any CPU.ActiveCfg = Release|Any CPU
		{D65CB1DC-6A3A-4CB7-8486-D6AFBCB07578}.Release|Any CPU.Build.0 = Release|Any CPU
	EndGlobalSection
	GlobalSection(SolutionProperties) = preSolution
		HideSolutionNode = FALSE
	EndGlobalSection
	GlobalSection(NestedProjects) = preSolution
		{719056BE-412C-44DC-AC15-2A4E41BAC826} = {1F9447B2-FAEB-4709-910D-7B36B410A6E8}
		{66CAA5C1-CABC-4217-8172-B72A8434D733} = {5A6802AF-6DE7-4A58-B731-B010837D99A9}
		{D2DFDD89-2EFA-4181-B207-CEF70D88A5F6} = {5A170DAE-3FB3-4271-A4B8-89BD964383AC}
		{6CF6E54E-0A42-4CF5-AF7F-B952BE7B51A9} = {5A170DAE-3FB3-4271-A4B8-89BD964383AC}
		{CFFC23B9-E73F-454B-B352-4CD5D2BF11AA} = {5A170DAE-3FB3-4271-A4B8-89BD964383AC}
		{A8228FE7-F60C-451C-B8C0-7FABC4E1FE21} = {67955656-EB00-4812-8D23-AED3C7B27025}
		{5FB3B9E9-3A20-45A6-BF23-987AD1AD9546} = {67955656-EB00-4812-8D23-AED3C7B27025}
		{02DC612D-9EB9-463D-9FA6-19E5F00CF293} = {67955656-EB00-4812-8D23-AED3C7B27025}
		{25E16FD1-64C2-4CFE-BE2A-FF33806C24C4} = {D238E5D2-430B-46BD-BFA3-FA4CF38D111F}
		{B3564BB2-455A-477F-86B1-99373632B97D} = {D238E5D2-430B-46BD-BFA3-FA4CF38D111F}
		{6E8CA608-1C73-4C1A-A456-C24F94E40F7D} = {D238E5D2-430B-46BD-BFA3-FA4CF38D111F}
		{B3AF4A8A-A6DB-43D2-B8C4-255D3BFD6659} = {46C8E250-CB09-4742-8DE7-DCF372D6ACDC}
		{CAB93C9F-8332-4F17-AC29-CF12B2C3B90D} = {46C8E250-CB09-4742-8DE7-DCF372D6ACDC}
		{74417BCB-309F-4402-A49F-C399B64910E6} = {46C8E250-CB09-4742-8DE7-DCF372D6ACDC}
		{6A0CE505-9FD6-45FF-859D-7BC92404C676} = {F3F3283F-A359-41A9-9727-2F59668D01A2}
		{68A4E411-BDE9-4C45-B627-3A92F197D0DF} = {F3F3283F-A359-41A9-9727-2F59668D01A2}
		{31167CE8-78EF-47C8-BE2C-EAAA69978FE0} = {F3F3283F-A359-41A9-9727-2F59668D01A2}
		{05CC96E2-B882-4D76-8726-959109B638E8} = {24BAFEEB-082B-4168-9324-DC567639CD27}
		{5DFEA06E-23C8-4C78-8D32-2C52098BE255} = {24BAFEEB-082B-4168-9324-DC567639CD27}
		{D65CB1DC-6A3A-4CB7-8486-D6AFBCB07578} = {24BAFEEB-082B-4168-9324-DC567639CD27}
	EndGlobalSection
	GlobalSection(ExtensibilityGlobals) = postSolution
		SolutionGuid = {E692A24D-C157-4608-A94B-B90944CE9223}
	EndGlobalSection
EndGlobal
